Microsoft Visual Studio Solution File, Format Version 12.00
# Visual Studio Version 17
VisualStudioVersion = 17.5.2.0
MinimumVisualStudioVersion = 10.0.40219.1
Project("{FAE04EC0-301F-11D3-BF4B-00C04F79EFBC}") = "GradeCalculatorApp", "GradeCalculatorApp\GradeCalculatorApp.csproj", "{424D0AA5-7155-7283-369F-BE0D955BAE69}"
EndProject
Project("{FAE04EC0-301F-11D3-BF4B-00C04F79EFBC}") = "TicketPriceApp", "TicketPriceApp\TicketPriceApp.csproj", "{95851843-64E0-16C6-4B8D-9DDF039BA8FB}"
EndProject
Project("{FAE04EC0-301F-11D3-BF4B-00C04F79EFBC}") = "TriangleApp", "TriangleApp\TriangleApp.csproj", "{BC7AC9A9-963C-1983-E39B-C9C0C956110E}"
EndProject
Global
	GlobalSection(SolutionConfigurationPlatforms) = preSolution
		Debug|Any CPU = Debug|Any CPU
		Release|Any CPU = Release|Any CPU
	EndGlobalSection
	GlobalSection(ProjectConfigurationPlatforms) = postSolution
		{424D0AA5-7155-7283-369F-BE0D955BAE69}.Debug|Any CPU.ActiveCfg = Debug|Any CPU
		{424D0AA5-7155-7283-369F-BE0D955BAE69}.Debug|Any CPU.Build.0 = Debug|Any CPU
		{424D0AA5-7155-7283-369F-BE0D955BAE69}.Release|Any CPU.ActiveCfg = Release|Any CPU
		{424D0AA5-7155-7283-369F-BE0D955BAE69}.Release|Any CPU.Build.0 = Release|Any CPU
		{95851843-64E0-16C6-4B8D-9DDF039BA8FB}.Debug|Any CPU.ActiveCfg = Debug|Any CPU
		{95851843-64E0-16C6-4B8D-9DDF039BA8FB}.Debug|Any CPU.Build.0 = Debug|Any CPU
		{95851843-64E0-16C6-4B8D-9DDF039BA8FB}.Release|Any CPU.ActiveCfg = Release|Any CPU
		{95851843-64E0-16C6-4B8D-9DDF039BA8FB}.Release|Any CPU.Build.0 = Release|Any CPU
		{BC7AC9A9-963C-1983-E39B-C9C0C956110E}.Debug|Any CPU.ActiveCfg = Debug|Any CPU
		{BC7AC9A9-963C-1983-E39B-C9C0C956110E}.Debug|Any CPU.Build.0 = Debug|Any CPU
		{BC7AC9A9-963C-1983-E39B-C9C0C956110E}.Release|Any CPU.ActiveCfg = Release|Any CPU
		{BC7AC9A9-963C-1983-E39B-C9C0C956110E}.Release|Any CPU.Build.0 = Release|Any CPU
	EndGlobalSection
	GlobalSection(SolutionProperties) = preSolution
		HideSolutionNode = FALSE
	EndGlobalSection
	GlobalSection(ExtensibilityGlobals) = postSolution
		SolutionGuid = {907EE10F-B787-479C-8670-D9B05D37970A}
	EndGlobalSection
EndGlobal
